
Microsoft Visual Studio Solution File, Format Version 12.00
# Visual Studio Version 16
VisualStudioVersion = 16.0.31025.194
MinimumVisualStudioVersion = 10.0.40219.1
Project("{FAE04EC0-301F-11D3-BF4B-00C04F79EFBC}") = "01.CounterRealNumber", "01.CounterRealNumber\01.CounterRealNumber.csproj", "{E234857A-B5C6-4B3F-8DCC-5EA5330CBA4F}"
EndProject
Project("{FAE04EC0-301F-11D3-BF4B-00C04F79EFBC}") = "02.OddOccurrences", "02.OddOccurrences\02.OddOccurrences.csproj", "{A3531E49-5F00-487B-805F-446460AA175A}"
EndProject
Project("{FAE04EC0-301F-11D3-BF4B-00C04F79EFBC}") = "03.WordSynonyms", "03.WordSynonyms\03.WordSynonyms.csproj", "{682AF828-032E-4DC2-91C2-79633F7AA76F}"
EndProject
Project("{FAE04EC0-301F-11D3-BF4B-00C04F79EFBC}") = "04Largest3Numbers", "04Largest3Numbers\04Largest3Numbers.csproj", "{C6D1C439-7E59-4A48-AC6C-0629FF95ADC3}"
EndProject
Project("{FAE04EC0-301F-11D3-BF4B-00C04F79EFBC}") = "05.WordFilter", "05.WordFilter\05.WordFilter.csproj", "{AD165910-77EB-4DD6-B474-71416C6C9C33}"
EndProject
Global
	GlobalSection(SolutionConfigurationPlatforms) = preSolution
		Debug|Any CPU = Debug|Any CPU
		Release|Any CPU = Release|Any CPU
	EndGlobalSection
	GlobalSection(ProjectConfigurationPlatforms) = postSolution
		{E234857A-B5C6-4B3F-8DCC-5EA5330CBA4F}.Debug|Any CPU.ActiveCfg = Debug|Any CPU
		{E234857A-B5C6-4B3F-8DCC-5EA5330CBA4F}.Debug|Any CPU.Build.0 = Debug|Any CPU
		{E234857A-B5C6-4B3F-8DCC-5EA5330CBA4F}.Release|Any CPU.ActiveCfg = Release|Any CPU
		{E234857A-B5C6-4B3F-8DCC-5EA5330CBA4F}.Release|Any CPU.Build.0 = Release|Any CPU
		{A3531E49-5F00-487B-805F-446460AA175A}.Debug|Any CPU.ActiveCfg = Debug|Any CPU
		{A3531E49-5F00-487B-805F-446460AA175A}.Debug|Any CPU.Build.0 = Debug|Any CPU
		{A3531E49-5F00-487B-805F-446460AA175A}.Release|Any CPU.ActiveCfg = Release|Any CPU
		{A3531E49-5F00-487B-805F-446460AA175A}.Release|Any CPU.Build.0 = Release|Any CPU
		{682AF828-032E-4DC2-91C2-79633F7AA76F}.Debug|Any CPU.ActiveCfg = Debug|Any CPU
		{682AF828-032E-4DC2-91C2-79633F7AA76F}.Debug|Any CPU.Build.0 = Debug|Any CPU
		{682AF828-032E-4DC2-91C2-79633F7AA76F}.Release|Any CPU.ActiveCfg = Release|Any CPU
		{682AF828-032E-4DC2-91C2-79633F7AA76F}.Release|Any CPU.Build.0 = Release|Any CPU
		{C6D1C439-7E59-4A48-AC6C-0629FF95ADC3}.Debug|Any CPU.ActiveCfg = Debug|Any CPU
		{C6D1C439-7E59-4A48-AC6C-0629FF95ADC3}.Debug|Any CPU.Build.0 = Debug|Any CPU
		{C6D1C439-7E59-4A48-AC6C-0629FF95ADC3}.Release|Any CPU.ActiveCfg = Release|Any CPU
		{C6D1C439-7E59-4A48-AC6C-0629FF95ADC3}.Release|Any CPU.Build.0 = Release|Any CPU
		{AD165910-77EB-4DD6-B474-71416C6C9C33}.Debug|Any CPU.ActiveCfg = Debug|Any CPU
		{AD165910-77EB-4DD6-B474-71416C6C9C33}.Debug|Any CPU.Build.0 = Debug|Any CPU
		{AD165910-77EB-4DD6-B474-71416C6C9C33}.Release|Any CPU.ActiveCfg = Release|Any CPU
		{AD165910-77EB-4DD6-B474-71416C6C9C33}.Release|Any CPU.Build.0 = Release|Any CPU
	EndGlobalSection
	GlobalSection(SolutionProperties) = preSolution
		HideSolutionNode = FALSE
	EndGlobalSection
	GlobalSection(ExtensibilityGlobals) = postSolution
		SolutionGuid = {BFA6EC78-2B9F-4057-A879-E519A2D660E9}
	EndGlobalSection
EndGlobal
